
Microsoft Visual Studio Solution File, Format Version 11.00
# Visual Studio 2010
Project("{FAE04EC0-301F-11D3-BF4B-00C04F79EFBC}") = "MeteoServiceWeb", "MeteoServiceWeb\MeteoServiceWeb.csproj", "{85301067-B97A-4CFC-88CC-8F14A9480DF0}"
EndProject
Project("{E24C65DC-7377-472B-9ABA-BC803B73C61A}") = "WebSite1", "..\..\WebSites\WebSite1\", "{91708644-C88F-4120-A5E4-94D7D8F2F643}"
	ProjectSection(WebsiteProperties) = preProject
		TargetFrameworkMoniker = ".NETFramework,Version%3Dv3.5"
		Debug.AspNetCompiler.VirtualPath = "/WebSite1"
		Debug.AspNetCompiler.PhysicalPath = "..\..\WebSites\WebSite1\"
		Debug.AspNetCompiler.TargetPath = "PrecompiledWeb\WebSite1\"
		Debug.AspNetCompiler.Updateable = "true"
		Debug.AspNetCompiler.ForceOverwrite = "true"
		Debug.AspNetCompiler.FixedNames = "false"
		Debug.AspNetCompiler.Debug = "True"
		Release.AspNetCompiler.VirtualPath = "/WebSite1"
		Release.AspNetCompiler.PhysicalPath = "..\..\WebSites\WebSite1\"
		Release.AspNetCompiler.TargetPath = "PrecompiledWeb\WebSite1\"
		Release.AspNetCompiler.Updateable = "true"
		Release.AspNetCompiler.ForceOverwrite = "true"
		Release.AspNetCompiler.FixedNames = "false"
		Release.AspNetCompiler.Debug = "False"
		VWDPort = "64167"
		DefaultWebSiteLanguage = "Visual C#"
	EndProjectSection
EndProject
Project("{FAE04EC0-301F-11D3-BF4B-00C04F79EFBC}") = "ClientDateDuJour", "ClientDateDuJour\ClientDateDuJour.csproj", "{7ADE7471-CA14-4D7D-9E18-749A82ACA70F}"
EndProject
Global
	GlobalSection(SolutionConfigurationPlatforms) = preSolution
		Debug|Any CPU = Debug|Any CPU
		Debug|Mixed Platforms = Debug|Mixed Platforms
		Debug|x86 = Debug|x86
		Release|Any CPU = Release|Any CPU
		Release|Mixed Platforms = Release|Mixed Platforms
		Release|x86 = Release|x86
	EndGlobalSection
	GlobalSection(ProjectConfigurationPlatforms) = postSolution
		{85301067-B97A-4CFC-88CC-8F14A9480DF0}.Debug|Any CPU.ActiveCfg = Debug|x86
		{85301067-B97A-4CFC-88CC-8F14A9480DF0}.Debug|Mixed Platforms.ActiveCfg = Debug|x86
		{85301067-B97A-4CFC-88CC-8F14A9480DF0}.Debug|Mixed Platforms.Build.0 = Debug|x86
		{85301067-B97A-4CFC-88CC-8F14A9480DF0}.Debug|x86.ActiveCfg = Debug|x86
		{85301067-B97A-4CFC-88CC-8F14A9480DF0}.Debug|x86.Build.0 = Debug|x86
		{85301067-B97A-4CFC-88CC-8F14A9480DF0}.Release|Any CPU.ActiveCfg = Release|x86
		{85301067-B97A-4CFC-88CC-8F14A9480DF0}.Release|Mixed Platforms.ActiveCfg = Release|x86
		{85301067-B97A-4CFC-88CC-8F14A9480DF0}.Release|Mixed Platforms.Build.0 = Release|x86
		{85301067-B97A-4CFC-88CC-8F14A9480DF0}.Release|x86.ActiveCfg = Release|x86
		{85301067-B97A-4CFC-88CC-8F14A9480DF0}.Release|x86.Build.0 = Release|x86
		{91708644-C88F-4120-A5E4-94D7D8F2F643}.Debug|Any CPU.ActiveCfg = Debug|Any CPU
		{91708644-C88F-4120-A5E4-94D7D8F2F643}.Debug|Any CPU.Build.0 = Debug|Any CPU
		{91708644-C88F-4120-A5E4-94D7D8F2F643}.Debug|Mixed Platforms.ActiveCfg = Debug|Any CPU
		{91708644-C88F-4120-A5E4-94D7D8F2F643}.Debug|Mixed Platforms.Build.0 = Debug|Any CPU
		{91708644-C88F-4120-A5E4-94D7D8F2F643}.Debug|x86.ActiveCfg = Debug|Any CPU
		{91708644-C88F-4120-A5E4-94D7D8F2F643}.Release|Any CPU.ActiveCfg = Debug|Any CPU
		{91708644-C88F-4120-A5E4-94D7D8F2F643}.Release|Any CPU.Build.0 = Debug|Any CPU
		{91708644-C88F-4120-A5E4-94D7D8F2F643}.Release|Mixed Platforms.ActiveCfg = Debug|Any CPU
		{91708644-C88F-4120-A5E4-94D7D8F2F643}.Release|Mixed Platforms.Build.0 = Debug|Any CPU
		{91708644-C88F-4120-A5E4-94D7D8F2F643}.Release|x86.ActiveCfg = Debug|Any CPU
		{7ADE7471-CA14-4D7D-9E18-749A82ACA70F}.Debug|Any CPU.ActiveCfg = Debug|x86
		{7ADE7471-CA14-4D7D-9E18-749A82ACA70F}.Debug|Mixed Platforms.ActiveCfg = Debug|x86
		{7ADE7471-CA14-4D7D-9E18-749A82ACA70F}.Debug|Mixed Platforms.Build.0 = Debug|x86
		{7ADE7471-CA14-4D7D-9E18-749A82ACA70F}.Debug|x86.ActiveCfg = Debug|x86
		{7ADE7471-CA14-4D7D-9E18-749A82ACA70F}.Debug|x86.Build.0 = Debug|x86
		{7ADE7471-CA14-4D7D-9E18-749A82ACA70F}.Release|Any CPU.ActiveCfg = Release|x86
		{7ADE7471-CA14-4D7D-9E18-749A82ACA70F}.Release|Mixed Platforms.ActiveCfg = Release|x86
		{7ADE7471-CA14-4D7D-9E18-749A82ACA70F}.Release|Mixed Platforms.Build.0 = Release|x86
		{7ADE7471-CA14-4D7D-9E18-749A82ACA70F}.Release|x86.ActiveCfg = Release|x86
		{7ADE7471-CA14-4D7D-9E18-749A82ACA70F}.Release|x86.Build.0 = Release|x86
	EndGlobalSection
	GlobalSection(SolutionProperties) = preSolution
		HideSolutionNode = FALSE
	EndGlobalSection
EndGlobal
